// !$*UTF8*$!
{
	archiveVersion = 1;
	classes = {
	};
	objectVersion = 46;
	objects = {

/* Begin PBXBuildFile section */
		E1A0216216D127CD00E2AAA4 /* UIKit.framework in Frameworks */ = {isa = PBXBuildFile; fileRef = E1A0216116D127CD00E2AAA4 /* UIKit.framework */; };
		E1A0216416D127CD00E2AAA4 /* Foundation.framework in Frameworks */ = {isa = PBXBuildFile; fileRef = E1A0216316D127CD00E2AAA4 /* Foundation.framework */; };
		E1A0216616D127CD00E2AAA4 /* CoreGraphics.framework in Frameworks */ = {isa = PBXBuildFile; fileRef = E1A0216516D127CD00E2AAA4 /* CoreGraphics.framework */; };
		E1A0216C16D127CD00E2AAA4 /* InfoPlist.strings in Resources */ = {isa = PBXBuildFile; fileRef = E1A0216A16D127CD00E2AAA4 /* InfoPlist.strings */; };
		E1A0216E16D127CD00E2AAA4 /* main.m in Sources */ = {isa = PBXBuildFile; fileRef = E1A0216D16D127CD00E2AAA4 /* main.m */; };
		E1A0217216D127CD00E2AAA4 /* AppDelegate.m in Sources */ = {isa = PBXBuildFile; fileRef = E1A0217116D127CD00E2AAA4 /* AppDelegate.m */; };
		E1A0217416D127CD00E2AAA4 /* Default.png in Resources */ = {isa = PBXBuildFile; fileRef = E1A0217316D127CD00E2AAA4 /* Default.png */; };
		E1A0217616D127CD00E2AAA4 /* Default@2x.png in Resources */ = {isa = PBXBuildFile; fileRef = E1A0217516D127CD00E2AAA4 /* Default@2x.png */; };
		E1A0217816D127CD00E2AAA4 /* Default-568h@2x.png in Resources */ = {isa = PBXBuildFile; fileRef = E1A0217716D127CD00E2AAA4 /* Default-568h@2x.png */; };
		E1A0217B16D127CD00E2AAA4 /* ViewController.m in Sources */ = {isa = PBXBuildFile; fileRef = E1A0217A16D127CD00E2AAA4 /* ViewController.m */; };
		E1A0217E16D127CD00E2AAA4 /* ViewController.xib in Resources */ = {isa = PBXBuildFile; fileRef = E1A0217C16D127CD00E2AAA4 /* ViewController.xib */; };
		E1A0218616D127CD00E2AAA4 /* SenTestingKit.framework in Frameworks */ = {isa = PBXBuildFile; fileRef = E1A0218516D127CD00E2AAA4 /* SenTestingKit.framework */; };
		E1A0218716D127CD00E2AAA4 /* UIKit.framework in Frameworks */ = {isa = PBXBuildFile; fileRef = E1A0216116D127CD00E2AAA4 /* UIKit.framework */; };
		E1A0218816D127CD00E2AAA4 /* Foundation.framework in Frameworks */ = {isa = PBXBuildFile; fileRef = E1A0216316D127CD00E2AAA4 /* Foundation.framework */; };
		E1A0219016D127CD00E2AAA4 /* InfoPlist.strings in Resources */ = {isa = PBXBuildFile; fileRef = E1A0218E16D127CD00E2AAA4 /* InfoPlist.strings */; };
		E1A0219316D127CD00E2AAA4 /* Space_InvadersTests.m in Sources */ = {isa = PBXBuildFile; fileRef = E1A0219216D127CD00E2AAA4 /* Space_InvadersTests.m */; };
/* End PBXBuildFile section */

/* Begin PBXContainerItemProxy section */
		E1A0218916D127CD00E2AAA4 /* PBXContainerItemProxy */ = {
			isa = PBXContainerItemProxy;
			containerPortal = E1A0215616D127CC00E2AAA4 /* Project object */;
			proxyType = 1;
			remoteGlobalIDString = E1A0215D16D127CC00E2AAA4;
			remoteInfo = "Space Invaders";
		};
/* End PBXContainerItemProxy section */

/* Begin PBXFileReference section */
		E1A0215E16D127CC00E2AAA4 /* Space Invaders.app */ = {isa = PBXFileReference; explicitFileType = wrapper.application; includeInIndex = 0; path = "Space Invaders.app"; sourceTree = BUILT_PRODUCTS_DIR; };
		E1A0216116D127CD00E2AAA4 /* UIKit.framework */ = {isa = PBXFileReference; lastKnownFileType = wrapper.framework; name = UIKit.framework; path = System/Library/Frameworks/UIKit.framework; sourceTree = SDKROOT; };
		E1A0216316D127CD00E2AAA4 /* Foundation.framework */ = {isa = PBXFileReference; lastKnownFileType = wrapper.framework; name = Foundation.framework; path = System/Library/Frameworks/Foundation.framework; sourceTree = SDKROOT; };
		E1A0216516D127CD00E2AAA4 /* CoreGraphics.framework */ = {isa = PBXFileReference; lastKnownFileType = wrapper.framework; name = CoreGraphics.framework; path = System/Library/Frameworks/CoreGraphics.framework; sourceTree = SDKROOT; };
		E1A0216916D127CD00E2AAA4 /* Space Invaders-Info.plist */ = {isa = PBXFileReference; lastKnownFileType = text.plist.xml; path = "Space Invaders-Info.plist"; sourceTree = "<group>"; };
		E1A0216B16D127CD00E2AAA4 /* en */ = {isa = PBXFileReference; lastKnownFileType = text.plist.strings; name = en; path = en.lproj/InfoPlist.strings; sourceTree = "<group>"; };
		E1A0216D16D127CD00E2AAA4 /* main.m */ = {isa = PBXFileReference; lastKnownFileType = sourcecode.c.objc; path = main.m; sourceTree = "<group>"; };
		E1A0216F16D127CD00E2AAA4 /* Space Invaders-Prefix.pch */ = {isa = PBXFileReference; lastKnownFileType = sourcecode.c.h; path = "Space Invaders-Prefix.pch"; sourceTree = "<group>"; };
		E1A0217016D127CD00E2AAA4 /* AppDelegate.h */ = {isa = PBXFileReference; lastKnownFileType = sourcecode.c.h; path = AppDelegate.h; sourceTree = "<group>"; };
		E1A0217116D127CD00E2AAA4 /* AppDelegate.m */ = {isa = PBXFileReference; lastKnownFileType = sourcecode.c.objc; path = AppDelegate.m; sourceTree = "<group>"; };
		E1A0217316D127CD00E2AAA4 /* Default.png */ = {isa = PBXFileReference; lastKnownFileType = image.png; path = Default.png; sourceTree = "<group>"; };
		E1A0217516D127CD00E2AAA4 /* Default@2x.png */ = {isa = PBXFileReference; lastKnownFileType = image.png; path = "Default@2x.png"; sourceTree = "<group>"; };
		E1A0217716D127CD00E2AAA4 /* Default-568h@2x.png */ = {isa = PBXFileReference; lastKnownFileType = image.png; path = "Default-568h@2x.png"; sourceTree = "<group>"; };
		E1A0217916D127CD00E2AAA4 /* ViewController.h */ = {isa = PBXFileReference; lastKnownFileType = sourcecode.c.h; path = ViewController.h; sourceTree = "<group>"; };
		E1A0217A16D127CD00E2AAA4 /* ViewController.m */ = {isa = PBXFileReference; lastKnownFileType = sourcecode.c.objc; path = ViewController.m; sourceTree = "<group>"; };
		E1A0217D16D127CD00E2AAA4 /* en */ = {isa = PBXFileReference; lastKnownFileType = file.xib; name = en; path = en.lproj/ViewController.xib; sourceTree = "<group>"; };
		E1A0218416D127CD00E2AAA4 /* Space InvadersTests.octest */ = {isa = PBXFileReference; explicitFileType = wrapper.cfbundle; includeInIndex = 0; path = "Space InvadersTests.octest"; sourceTree = BUILT_PRODUCTS_DIR; };
		E1A0218516D127CD00E2AAA4 /* SenTestingKit.framework */ = {isa = PBXFileReference; lastKnownFileType = wrapper.framework; name = SenTestingKit.framework; path = Library/Frameworks/SenTestingKit.framework; sourceTree = DEVELOPER_DIR; };
		E1A0218D16D127CD00E2AAA4 /* Space InvadersTests-Info.plist */ = {isa = PBXFileReference; lastKnownFileType = text.plist.xml; path = "Space InvadersTests-Info.plist"; sourceTree = "<group>"; };
		E1A0218F16D127CD00E2AAA4 /* en */ = {isa = PBXFileReference; lastKnownFileType = text.plist.strings; name = en; path = en.lproj/InfoPlist.strings; sourceTree = "<group>"; };
		E1A0219116D127CD00E2AAA4 /* Space_InvadersTests.h */ = {isa = PBXFileReference; lastKnownFileType = sourcecode.c.h; path = Space_InvadersTests.h; sourceTree = "<group>"; };
		E1A0219216D127CD00E2AAA4 /* Space_InvadersTests.m */ = {isa = PBXFileReference; lastKnownFileType = sourcecode.c.objc; path = Space_InvadersTests.m; sourceTree = "<group>"; };
/* End PBXFileReference section */

/* Begin PBXFrameworksBuildPhase section */
		E1A0215B16D127CC00E2AAA4 /* Frameworks */ = {
			isa = PBXFrameworksBuildPhase;
			buildActionMask = 2147483647;
			files = (
				E1A0216216D127CD00E2AAA4 /* UIKit.framework in Frameworks */,
				E1A0216416D127CD00E2AAA4 /* Foundation.framework in Frameworks */,
				E1A0216616D127CD00E2AAA4 /* CoreGraphics.framework in Frameworks */,
			);
			runOnlyForDeploymentPostprocessing = 0;
		};
		E1A0218016D127CD00E2AAA4 /* Frameworks */ = {
			isa = PBXFrameworksBuildPhase;
			buildActionMask = 2147483647;
			files = (
				E1A0218616D127CD00E2AAA4 /* SenTestingKit.framework in Frameworks */,
				E1A0218716D127CD00E2AAA4 /* UIKit.framework in Frameworks */,
				E1A0218816D127CD00E2AAA4 /* Foundation.framework in Frameworks */,
			);
			runOnlyForDeploymentPostprocessing = 0;
		};
/* End PBXFrameworksBuildPhase section */

/* Begin PBXGroup section */
		E1A0215516D127CC00E2AAA4 = {
			isa = PBXGroup;
			children = (
				E1A0216716D127CD00E2AAA4 /* Space Invaders */,
				E1A0218B16D127CD00E2AAA4 /* Space InvadersTests */,
				E1A0216016D127CC00E2AAA4 /* Frameworks */,
				E1A0215F16D127CC00E2AAA4 /* Products */,
			);
			sourceTree = "<group>";
		};
		E1A0215F16D127CC00E2AAA4 /* Products */ = {
			isa = PBXGroup;
			children = (
				E1A0215E16D127CC00E2AAA4 /* Space Invaders.app */,
				E1A0218416D127CD00E2AAA4 /* Space InvadersTests.octest */,
			);
			name = Products;
			sourceTree = "<group>";
		};
		E1A0216016D127CC00E2AAA4 /* Frameworks */ = {
			isa = PBXGroup;
			children = (
				E1A0216116D127CD00E2AAA4 /* UIKit.framework */,
				E1A0216316D127CD00E2AAA4 /* Foundation.framework */,
				E1A0216516D127CD00E2AAA4 /* CoreGraphics.framework */,
				E1A0218516D127CD00E2AAA4 /* SenTestingKit.framework */,
			);
			name = Frameworks;
			sourceTree = "<group>";
		};
		E1A0216716D127CD00E2AAA4 /* Space Invaders */ = {
			isa = PBXGroup;
			children = (
				E1A0217016D127CD00E2AAA4 /* AppDelegate.h */,
				E1A0217116D127CD00E2AAA4 /* AppDelegate.m */,
				E1A0217916D127CD00E2AAA4 /* ViewController.h */,
				E1A0217A16D127CD00E2AAA4 /* ViewController.m */,
				E1A0217C16D127CD00E2AAA4 /* ViewController.xib */,
				E1A0216816D127CD00E2AAA4 /* Supporting Files */,
			);
			path = "Space Invaders";
			sourceTree = "<group>";
		};
		E1A0216816D127CD00E2AAA4 /* Supporting Files */ = {
			isa = PBXGroup;
			children = (
				E1A0216916D127CD00E2AAA4 /* Space Invaders-Info.plist */,
				E1A0216A16D127CD00E2AAA4 /* InfoPlist.strings */,
				E1A0216D16D127CD00E2AAA4 /* main.m */,
				E1A0216F16D127CD00E2AAA4 /* Space Invaders-Prefix.pch */,
				E1A0217316D127CD00E2AAA4 /* Default.png */,
				E1A0217516D127CD00E2AAA4 /* Default@2x.png */,
				E1A0217716D127CD00E2AAA4 /* Default-568h@2x.png */,
			);
			name = "Supporting Files";
			sourceTree = "<group>";
		};
		E1A0218B16D127CD00E2AAA4 /* Space InvadersTests */ = {
			isa = PBXGroup;
			children = (
				E1A0219116D127CD00E2AAA4 /* Space_InvadersTests.h */,
				E1A0219216D127CD00E2AAA4 /* Space_InvadersTests.m */,
				E1A0218C16D127CD00E2AAA4 /* Supporting Files */,
			);
			path = "Space InvadersTests";
			sourceTree = "<group>";
		};
		E1A0218C16D127CD00E2AAA4 /* Supporting Files */ = {
			isa = PBXGroup;
			children = (
				E1A0218D16D127CD00E2AAA4 /* Space InvadersTests-Info.plist */,
				E1A0218E16D127CD00E2AAA4 /* InfoPlist.strings */,
			);
			name = "Supporting Files";
			sourceTree = "<group>";
		};
/* End PBXGroup section */

/* Begin PBXNativeTarget section */
		E1A0215D16D127CC00E2AAA4 /* Space Invaders */ = {
			isa = PBXNativeTarget;
			buildConfigurationList = E1A0219616D127CD00E2AAA4 /* Build configuration list for PBXNativeTarget "Space Invaders" */;
			buildPhases = (
				E1A0215A16D127CC00E2AAA4 /* Sources */,
				E1A0215B16D127CC00E2AAA4 /* Frameworks */,
				E1A0215C16D127CC00E2AAA4 /* Resources */,
			);
			buildRules = (
			);
			dependencies = (
			);
			name = "Space Invaders";
			productName = "Space Invaders";
			productReference = E1A0215E16D127CC00E2AAA4 /* Space Invaders.app */;
			productType = "com.apple.product-type.application";
		};
		E1A0218316D127CD00E2AAA4 /* Space InvadersTests */ = {
			isa = PBXNativeTarget;
			buildConfigurationList = E1A0219916D127CD00E2AAA4 /* Build configuration list for PBXNativeTarget "Space InvadersTests" */;
			buildPhases = (
				E1A0217F16D127CD00E2AAA4 /* Sources */,
				E1A0218016D127CD00E2AAA4 /* Frameworks */,
				E1A0218116D127CD00E2AAA4 /* Resources */,
				E1A0218216D127CD00E2AAA4 /* ShellScript */,
			);
			buildRules = (
			);
			dependencies = (
				E1A0218A16D127CD00E2AAA4 /* PBXTargetDependency */,
			);
			name = "Space InvadersTests";
			productName = "Space InvadersTests";
			productReference = E1A0218416D127CD00E2AAA4 /* Space InvadersTests.octest */;
			productType = "com.apple.product-type.bundle";
		};
/* End PBXNativeTarget section */

/* Begin PBXProject section */
		E1A0215616D127CC00E2AAA4 /* Project object */ = {
			isa = PBXProject;
			attributes = {
				LastUpgradeCheck = 0460;
				ORGANIZATIONNAME = DzDev;
			};
			buildConfigurationList = E1A0215916D127CC00E2AAA4 /* Build configuration list for PBXProject "Space Invaders" */;
			compatibilityVersion = "Xcode 3.2";
			developmentRegion = English;
			hasScannedForEncodings = 0;
			knownRegions = (
				en,
			);
			mainGroup = E1A0215516D127CC00E2AAA4;
			productRefGroup = E1A0215F16D127CC00E2AAA4 /* Products */;
			projectDirPath = "";
			projectRoot = "";
			targets = (
				E1A0215D16D127CC00E2AAA4 /* Space Invaders */,
				E1A0218316D127CD00E2AAA4 /* Space InvadersTests */,
			);
		};
/* End PBXProject section */

/* Begin PBXResourcesBuildPhase section */
		E1A0215C16D127CC00E2AAA4 /* Resources */ = {
			isa = PBXResourcesBuildPhase;
			buildActionMask = 2147483647;
			files = (
				E1A0216C16D127CD00E2AAA4 /* InfoPlist.strings in Resources */,
				E1A0217416D127CD00E2AAA4 /* Default.png in Resources */,
				E1A0217616D127CD00E2AAA4 /* Default@2x.png in Resources */,
				E1A0217816D127CD00E2AAA4 /* Default-568h@2x.png in Resources */,
				E1A0217E16D127CD00E2AAA4 /* ViewController.xib in Resources */,
			);
			runOnlyForDeploymentPostprocessing = 0;
		};
		E1A0218116D127CD00E2AAA4 /* Resources */ = {
			isa = PBXResourcesBuildPhase;
			buildActionMask = 2147483647;
			files = (
				E1A0219016D127CD00E2AAA4 /* InfoPlist.strings in Resources */,
			);
			runOnlyForDeploymentPostprocessing = 0;
		};
/* End PBXResourcesBuildPhase section */

/* Begin PBXShellScriptBuildPhase section */
		E1A0218216D127CD00E2AAA4 /* ShellScript */ = {
			isa = PBXShellScriptBuildPhase;
			buildActionMask = 2147483647;
			files = (
			);
			inputPaths = (
			);
			outputPaths = (
			);
			runOnlyForDeploymentPostprocessing = 0;
			shellPath = /bin/sh;
			shellScript = "# Run the unit tests in this test bundle.\n\"${SYSTEM_DEVELOPER_DIR}/Tools/RunUnitTests\"\n";
		};
/* End PBXShellScriptBuildPhase section */

/* Begin PBXSourcesBuildPhase section */
		E1A0215A16D127CC00E2AAA4 /* Sources */ = {
			isa = PBXSourcesBuildPhase;
			buildActionMask = 2147483647;
			files = (
				E1A0216E16D127CD00E2AAA4 /* main.m in Sources */,
				E1A0217216D127CD00E2AAA4 /* AppDelegate.m in Sources */,
				E1A0217B16D127CD00E2AAA4 /* ViewController.m in Sources */,
			);
			runOnlyForDeploymentPostprocessing = 0;
		};
		E1A0217F16D127CD00E2AAA4 /* Sources */ = {
			isa = PBXSourcesBuildPhase;
			buildActionMask = 2147483647;
			files = (
				E1A0219316D127CD00E2AAA4 /* Space_InvadersTests.m in Sources */,
			);
			runOnlyForDeploymentPostprocessing = 0;
		};
/* End PBXSourcesBuildPhase section */

/* Begin PBXTargetDependency section */
		E1A0218A16D127CD00E2AAA4 /* PBXTargetDependency */ = {
			isa = PBXTargetDependency;
			target = E1A0215D16D127CC00E2AAA4 /* Space Invaders */;
			targetProxy = E1A0218916D127CD00E2AAA4 /* PBXContainerItemProxy */;
		};
/* End PBXTargetDependency section */

/* Begin PBXVariantGroup section */
		E1A0216A16D127CD00E2AAA4 /* InfoPlist.strings */ = {
			isa = PBXVariantGroup;
			children = (
				E1A0216B16D127CD00E2AAA4 /* en */,
			);
			name = InfoPlist.strings;
			sourceTree = "<group>";
		};
		E1A0217C16D127CD00E2AAA4 /* ViewController.xib */ = {
			isa = PBXVariantGroup;
			children = (
				E1A0217D16D127CD00E2AAA4 /* en */,
			);
			name = ViewController.xib;
			sourceTree = "<group>";
		};
		E1A0218E16D127CD00E2AAA4 /* InfoPlist.strings */ = {
			isa = PBXVariantGroup;
			children = (
				E1A0218F16D127CD00E2AAA4 /* en */,
			);
			name = InfoPlist.strings;
			sourceTree = "<group>";
		};
/* End PBXVariantGroup section */

/* Begin XCBuildConfiguration section */
		E1A0219416D127CD00E2AAA4 /* Debug */ = {
			isa = XCBuildConfiguration;
			buildSettings = {
				ALWAYS_SEARCH_USER_PATHS = NO;
				CLANG_CXX_LANGUAGE_STANDARD = "gnu++0x";
				CLANG_CXX_LIBRARY = "libc++";
				CLANG_ENABLE_OBJC_ARC = YES;
				CLANG_WARN_CONSTANT_CONVERSION = YES;
				CLANG_WARN_EMPTY_BODY = YES;
				CLANG_WARN_ENUM_CONVERSION = YES;
				CLANG_WARN_INT_CONVERSION = YES;
				CLANG_WARN__DUPLICATE_METHOD_MATCH = YES;
				"CODE_SIGN_IDENTITY[sdk=iphoneos*]" = "iPhone Developer";
				COPY_PHASE_STRIP = NO;
				GCC_C_LANGUAGE_STANDARD = gnu99;
				GCC_DYNAMIC_NO_PIC = NO;
				GCC_OPTIMIZATION_LEVEL = 0;
				GCC_PREPROCESSOR_DEFINITIONS = (
					"DEBUG=1",
					"$(inherited)",
				);
				GCC_SYMBOLS_PRIVATE_EXTERN = NO;
				GCC_WARN_ABOUT_RETURN_TYPE = YES;
				GCC_WARN_UNINITIALIZED_AUTOS = YES;
				GCC_WARN_UNUSED_VARIABLE = YES;
				IPHONEOS_DEPLOYMENT_TARGET = 6.1;
				ONLY_ACTIVE_ARCH = YES;
				SDKROOT = iphoneos;
				TARGETED_DEVICE_FAMILY = 2;
			};
			name = Debug;
		};
		E1A0219516D127CD00E2AAA4 /* Release */ = {
			isa = XCBuildConfiguration;
			buildSettings = {
				ALWAYS_SEARCH_USER_PATHS = NO;
				CLANG_CXX_LANGUAGE_STANDARD = "gnu++0x";
				CLANG_CXX_LIBRARY = "libc++";
				CLANG_ENABLE_OBJC_ARC = YES;
				CLANG_WARN_CONSTANT_CONVERSION = YES;
				CLANG_WARN_EMPTY_BODY = YES;
				CLANG_WARN_ENUM_CONVERSION = YES;
				CLANG_WARN_INT_CONVERSION = YES;
				CLANG_WARN__DUPLICATE_METHOD_MATCH = YES;
				"CODE_SIGN_IDENTITY[sdk=iphoneos*]" = "iPhone Developer";
				COPY_PHASE_STRIP = YES;
				GCC_C_LANGUAGE_STANDARD = gnu99;
				GCC_WARN_ABOUT_RETURN_TYPE = YES;
				GCC_WARN_UNINITIALIZED_AUTOS = YES;
				GCC_WARN_UNUSED_VARIABLE = YES;
				IPHONEOS_DEPLOYMENT_TARGET = 6.1;
				OTHER_CFLAGS = "-DNS_BLOCK_ASSERTIONS=1";
				SDKROOT = iphoneos;
				TARGETED_DEVICE_FAMILY = 2;
				VALIDATE_PRODUCT = YES;
			};
			name = Release;
		};
		E1A0219716D127CD00E2AAA4 /* Debug */ = {
			isa = XCBuildConfiguration;
			buildSettings = {
				GCC_PRECOMPILE_PREFIX_HEADER = YES;
				GCC_PREFIX_HEADER = "Space Invaders/Space Invaders-Prefix.pch";
				INFOPLIST_FILE = "Space Invaders/Space Invaders-Info.plist";
				PRODUCT_NAME = "$(TARGET_NAME)";
				WRAPPER_EXTENSION = app;
			};
			name = Debug;
		};
		E1A0219816D127CD00E2AAA4 /* Release */ = {
			isa = XCBuildConfiguration;
			buildSettings = {
				GCC_PRECOMPILE_PREFIX_HEADER = YES;
				GCC_PREFIX_HEADER = "Space Invaders/Space Invaders-Prefix.pch";
				INFOPLIST_FILE = "Space Invaders/Space Invaders-Info.plist";
				PRODUCT_NAME = "$(TARGET_NAME)";
				WRAPPER_EXTENSION = app;
			};
			name = Release;
		};
		E1A0219A16D127CD00E2AAA4 /* Debug */ = {
			isa = XCBuildConfiguration;
			buildSettings = {
				BUNDLE_LOADER = "$(BUILT_PRODUCTS_DIR)/Space Invaders.app/Space Invaders";
				FRAMEWORK_SEARCH_PATHS = (
					"\"$(SDKROOT)/Developer/Library/Frameworks\"",
					"\"$(DEVELOPER_LIBRARY_DIR)/Frameworks\"",
				);
				GCC_PRECOMPILE_PREFIX_HEADER = YES;
				GCC_PREFIX_HEADER = "Space Invaders/Space Invaders-Prefix.pch";
				INFOPLIST_FILE = "Space InvadersTests/Space InvadersTests-Info.plist";
				PRODUCT_NAME = "$(TARGET_NAME)";
				TEST_HOST = "$(BUNDLE_LOADER)";
				WRAPPER_EXTENSION = octest;
			};
			name = Debug;
		};
		E1A0219B16D127CD00E2AAA4 /* Release */ = {
			isa = XCBuildConfiguration;
			buildSettings = {
				BUNDLE_LOADER = "$(BUILT_PRODUCTS_DIR)/Space Invaders.app/Space Invaders";
				FRAMEWORK_SEARCH_PATHS = (
					"\"$(SDKROOT)/Developer/Library/Frameworks\"",
					"\"$(DEVELOPER_LIBRARY_DIR)/Frameworks\"",
				);
				GCC_PRECOMPILE_PREFIX_HEADER = YES;
				GCC_PREFIX_HEADER = "Space Invaders/Space Invaders-Prefix.pch";
				INFOPLIST_FILE = "Space InvadersTests/Space InvadersTests-Info.plist";
				PRODUCT_NAME = "$(TARGET_NAME)";
				TEST_HOST = "$(BUNDLE_LOADER)";
				WRAPPER_EXTENSION = octest;
			};
			name = Release;
		};
/* End XCBuildConfiguration section */

/* Begin XCConfigurationList section */
		E1A0215916D127CC00E2AAA4 /* Build configuration list for PBXProject "Space Invaders" */ = {
			isa = XCConfigurationList;
			buildConfigurations = (
				E1A0219416D127CD00E2AAA4 /* Debug */,
				E1A0219516D127CD00E2AAA4 /* Release */,
			);
			defaultConfigurationIsVisible = 0;
			defaultConfigurationName = Release;
		};
		E1A0219616D127CD00E2AAA4 /* Build configuration list for PBXNativeTarget "Space Invaders" */ = {
			isa = XCConfigurationList;
			buildConfigurations = (
				E1A0219716D127CD00E2AAA4 /* Debug */,
				E1A0219816D127CD00E2AAA4 /* Release */,
			);
			defaultConfigurationIsVisible = 0;
		};
		E1A0219916D127CD00E2AAA4 /* Build configuration list for PBXNativeTarget "Space InvadersTests" */ = {
			isa = XCConfigurationList;
			buildConfigurations = (
				E1A0219A16D127CD00E2AAA4 /* Debug */,
				E1A0219B16D127CD00E2AAA4 /* Release */,
			);
			defaultConfigurationIsVisible = 0;
		};
/* End XCConfigurationList section */
	};
	rootObject = E1A0215616D127CC00E2AAA4 /* Project object */;
}
